// !$*UTF8*$!
{
	archiveVersion = 1;
	classes = {
	};
	objectVersion = 50;
	objects = {

/* Begin PBXBuildFile section */
		C9E0C1A61FBF916C05BCADBF /* Pods_MyMovieWithAlamofire.framework in Frameworks */ = {isa = PBXBuildFile; fileRef = 9499F485047FCD373CDF631E /* Pods_MyMovieWithAlamofire.framework */; };
		EE0E7EE4230668F2003BAF74 /* AppDelegate.swift in Sources */ = {isa = PBXBuildFile; fileRef = EE0E7EE3230668F2003BAF74 /* AppDelegate.swift */; };
		EE0E7EE9230668F2003BAF74 /* Main.storyboard in Resources */ = {isa = PBXBuildFile; fileRef = EE0E7EE7230668F2003BAF74 /* Main.storyboard */; };
		EE0E7EEB230668F6003BAF74 /* Assets.xcassets in Resources */ = {isa = PBXBuildFile; fileRef = EE0E7EEA230668F6003BAF74 /* Assets.xcassets */; };
		EE0E7EEE230668F6003BAF74 /* LaunchScreen.storyboard in Resources */ = {isa = PBXBuildFile; fileRef = EE0E7EEC230668F6003BAF74 /* LaunchScreen.storyboard */; };
		EE0E7EF9230683C1003BAF74 /* Movie.swift in Sources */ = {isa = PBXBuildFile; fileRef = EE0E7EF8230683C1003BAF74 /* Movie.swift */; };
		EE0E7EFB2306846B003BAF74 /* Base.swift in Sources */ = {isa = PBXBuildFile; fileRef = EE0E7EFA2306846B003BAF74 /* Base.swift */; };
		EE0E7EFE23068BE2003BAF74 /* Movie API.swift in Sources */ = {isa = PBXBuildFile; fileRef = EE0E7EFD23068BE2003BAF74 /* Movie API.swift */; };
		EE0E7F032306B961003BAF74 /* HomeViewController.swift in Sources */ = {isa = PBXBuildFile; fileRef = EE0E7F022306B961003BAF74 /* HomeViewController.swift */; };
		EE0E7F052306B98C003BAF74 /* HomePresenter.swift in Sources */ = {isa = PBXBuildFile; fileRef = EE0E7F042306B98C003BAF74 /* HomePresenter.swift */; };
		EE0E7F0B2306C073003BAF74 /* HomeProtocol.swift in Sources */ = {isa = PBXBuildFile; fileRef = EE0E7F0A2306C073003BAF74 /* HomeProtocol.swift */; };
		EE0E7F132307FFDB003BAF74 /* MovieViewCell.swift in Sources */ = {isa = PBXBuildFile; fileRef = EE0E7F122307FFDB003BAF74 /* MovieViewCell.swift */; };
		EED160CD230A3FC300A83936 /* Constants.swift in Sources */ = {isa = PBXBuildFile; fileRef = EED160CC230A3FC300A83936 /* Constants.swift */; };
		EED160D0230A44D500A83936 /* Image.swift in Sources */ = {isa = PBXBuildFile; fileRef = EED160CF230A44D500A83936 /* Image.swift */; };
/* End PBXBuildFile section */

/* Begin PBXFileReference section */
		696424E39EDE67F45BE91E09 /* Pods-MyMovieWithAlamofire.release.xcconfig */ = {isa = PBXFileReference; includeInIndex = 1; lastKnownFileType = text.xcconfig; name = "Pods-MyMovieWithAlamofire.release.xcconfig"; path = "Target Support Files/Pods-MyMovieWithAlamofire/Pods-MyMovieWithAlamofire.release.xcconfig"; sourceTree = "<group>"; };
		9499F485047FCD373CDF631E /* Pods_MyMovieWithAlamofire.framework */ = {isa = PBXFileReference; explicitFileType = wrapper.framework; includeInIndex = 0; path = Pods_MyMovieWithAlamofire.framework; sourceTree = BUILT_PRODUCTS_DIR; };
		C950143FD44E9DF787562D4B /* Pods-MyMovieWithAlamofire.debug.xcconfig */ = {isa = PBXFileReference; includeInIndex = 1; lastKnownFileType = text.xcconfig; name = "Pods-MyMovieWithAlamofire.debug.xcconfig"; path = "Target Support Files/Pods-MyMovieWithAlamofire/Pods-MyMovieWithAlamofire.debug.xcconfig"; sourceTree = "<group>"; };
		EE0E7EE0230668F2003BAF74 /* MyMovieWithAlamofire.app */ = {isa = PBXFileReference; explicitFileType = wrapper.application; includeInIndex = 0; path = MyMovieWithAlamofire.app; sourceTree = BUILT_PRODUCTS_DIR; };
		EE0E7EE3230668F2003BAF74 /* AppDelegate.swift */ = {isa = PBXFileReference; lastKnownFileType = sourcecode.swift; path = AppDelegate.swift; sourceTree = "<group>"; };
		EE0E7EE8230668F2003BAF74 /* Base */ = {isa = PBXFileReference; lastKnownFileType = file.storyboard; name = Base; path = Base.lproj/Main.storyboard; sourceTree = "<group>"; };
		EE0E7EEA230668F6003BAF74 /* Assets.xcassets */ = {isa = PBXFileReference; lastKnownFileType = folder.assetcatalog; path = Assets.xcassets; sourceTree = "<group>"; };
		EE0E7EED230668F6003BAF74 /* Base */ = {isa = PBXFileReference; lastKnownFileType = file.storyboard; name = Base; path = Base.lproj/LaunchScreen.storyboard; sourceTree = "<group>"; };
		EE0E7EEF230668F6003BAF74 /* Info.plist */ = {isa = PBXFileReference; lastKnownFileType = text.plist.xml; path = Info.plist; sourceTree = "<group>"; };
		EE0E7EF8230683C1003BAF74 /* Movie.swift */ = {isa = PBXFileReference; lastKnownFileType = sourcecode.swift; path = Movie.swift; sourceTree = "<group>"; };
		EE0E7EFA2306846B003BAF74 /* Base.swift */ = {isa = PBXFileReference; lastKnownFileType = sourcecode.swift; path = Base.swift; sourceTree = "<group>"; };
		EE0E7EFD23068BE2003BAF74 /* Movie API.swift */ = {isa = PBXFileReference; lastKnownFileType = sourcecode.swift; path = "Movie API.swift"; sourceTree = "<group>"; };
		EE0E7F022306B961003BAF74 /* HomeViewController.swift */ = {isa = PBXFileReference; lastKnownFileType = sourcecode.swift; path = HomeViewController.swift; sourceTree = "<group>"; };
		EE0E7F042306B98C003BAF74 /* HomePresenter.swift */ = {isa = PBXFileReference; lastKnownFileType = sourcecode.swift; path = HomePresenter.swift; sourceTree = "<group>"; };
		EE0E7F0A2306C073003BAF74 /* HomeProtocol.swift */ = {isa = PBXFileReference; lastKnownFileType = sourcecode.swift; path = HomeProtocol.swift; sourceTree = "<group>"; };
		EE0E7F122307FFDB003BAF74 /* MovieViewCell.swift */ = {isa = PBXFileReference; lastKnownFileType = sourcecode.swift; path = MovieViewCell.swift; sourceTree = "<group>"; };
		EED160CC230A3FC300A83936 /* Constants.swift */ = {isa = PBXFileReference; lastKnownFileType = sourcecode.swift; path = Constants.swift; sourceTree = "<group>"; };
		EED160CF230A44D500A83936 /* Image.swift */ = {isa = PBXFileReference; lastKnownFileType = sourcecode.swift; path = Image.swift; sourceTree = "<group>"; };
/* End PBXFileReference section */

/* Begin PBXFrameworksBuildPhase section */
		EE0E7EDD230668F2003BAF74 /* Frameworks */ = {
			isa = PBXFrameworksBuildPhase;
			buildActionMask = 2147483647;
			files = (
				C9E0C1A61FBF916C05BCADBF /* Pods_MyMovieWithAlamofire.framework in Frameworks */,
			);
			runOnlyForDeploymentPostprocessing = 0;
		};
/* End PBXFrameworksBuildPhase section */

/* Begin PBXGroup section */
		D4BB82F6642BBF05F62648D7 /* Pods */ = {
			isa = PBXGroup;
			children = (
				C950143FD44E9DF787562D4B /* Pods-MyMovieWithAlamofire.debug.xcconfig */,
				696424E39EDE67F45BE91E09 /* Pods-MyMovieWithAlamofire.release.xcconfig */,
			);
			path = Pods;
			sourceTree = "<group>";
		};
		DBBC7A4CCADDFABDA6847622 /* Frameworks */ = {
			isa = PBXGroup;
			children = (
				9499F485047FCD373CDF631E /* Pods_MyMovieWithAlamofire.framework */,
			);
			name = Frameworks;
			sourceTree = "<group>";
		};
		EE0E7ED7230668F2003BAF74 = {
			isa = PBXGroup;
			children = (
				EE0E7EE2230668F2003BAF74 /* MyMovieWithAlamofire */,
				EE0E7EE1230668F2003BAF74 /* Products */,
				D4BB82F6642BBF05F62648D7 /* Pods */,
				DBBC7A4CCADDFABDA6847622 /* Frameworks */,
			);
			sourceTree = "<group>";
		};
		EE0E7EE1230668F2003BAF74 /* Products */ = {
			isa = PBXGroup;
			children = (
				EE0E7EE0230668F2003BAF74 /* MyMovieWithAlamofire.app */,
			);
			name = Products;
			sourceTree = "<group>";
		};
		EE0E7EE2230668F2003BAF74 /* MyMovieWithAlamofire */ = {
			isa = PBXGroup;
			children = (
				EE0E7F14230A3EE3003BAF74 /* Common */,
				EE0E7F002306B926003BAF74 /* Features */,
				EE0E7EF623068352003BAF74 /* Domain */,
				EE0E7EE3230668F2003BAF74 /* AppDelegate.swift */,
				EE0E7EE7230668F2003BAF74 /* Main.storyboard */,
				EE0E7EEA230668F6003BAF74 /* Assets.xcassets */,
				EE0E7EEC230668F6003BAF74 /* LaunchScreen.storyboard */,
				EE0E7EEF230668F6003BAF74 /* Info.plist */,
			);
			path = MyMovieWithAlamofire;
			sourceTree = "<group>";
		};
		EE0E7EF623068352003BAF74 /* Domain */ = {
			isa = PBXGroup;
			children = (
				EE0E7EFC2306859F003BAF74 /* Repository */,
				EE0E7EF723068384003BAF74 /* Entity */,
			);
			path = Domain;
			sourceTree = "<group>";
		};
		EE0E7EF723068384003BAF74 /* Entity */ = {
			isa = PBXGroup;
			children = (
				EE0E7EF8230683C1003BAF74 /* Movie.swift */,
				EE0E7EFA2306846B003BAF74 /* Base.swift */,
			);
			path = Entity;
			sourceTree = "<group>";
		};
		EE0E7EFC2306859F003BAF74 /* Repository */ = {
			isa = PBXGroup;
			children = (
				EE0E7EFD23068BE2003BAF74 /* Movie API.swift */,
			);
			path = Repository;
			sourceTree = "<group>";
		};
		EE0E7F002306B926003BAF74 /* Features */ = {
			isa = PBXGroup;
			children = (
				EE0E7F012306B937003BAF74 /* Home */,
			);
			path = Features;
			sourceTree = "<group>";
		};
		EE0E7F012306B937003BAF74 /* Home */ = {
			isa = PBXGroup;
			children = (
				EE0E7F092306C061003BAF74 /* Protocol */,
				EE0E7F072306B9AC003BAF74 /* Presenter */,
				EE0E7F062306B9A7003BAF74 /* View */,
			);
			path = Home;
			sourceTree = "<group>";
		};
		EE0E7F062306B9A7003BAF74 /* View */ = {
			isa = PBXGroup;
			children = (
				EE0E7F022306B961003BAF74 /* HomeViewController.swift */,
				EE0E7F122307FFDB003BAF74 /* MovieViewCell.swift */,
			);
			path = View;
			sourceTree = "<group>";
		};
		EE0E7F072306B9AC003BAF74 /* Presenter */ = {
			isa = PBXGroup;
			children = (
				EE0E7F042306B98C003BAF74 /* HomePresenter.swift */,
			);
			path = Presenter;
			sourceTree = "<group>";
		};
		EE0E7F092306C061003BAF74 /* Protocol */ = {
			isa = PBXGroup;
			children = (
				EE0E7F0A2306C073003BAF74 /* HomeProtocol.swift */,
			);
			path = Protocol;
			sourceTree = "<group>";
		};
		EE0E7F14230A3EE3003BAF74 /* Common */ = {
			isa = PBXGroup;
			children = (
				EED160CE230A44C300A83936 /* Extenstions */,
				EED160CC230A3FC300A83936 /* Constants.swift */,
			);
			path = Common;
			sourceTree = "<group>";
		};
		EED160CE230A44C300A83936 /* Extenstions */ = {
			isa = PBXGroup;
			children = (
				EED160CF230A44D500A83936 /* Image.swift */,
			);
			path = Extenstions;
			sourceTree = "<group>";
		};
/* End PBXGroup section */

/* Begin PBXNativeTarget section */
		EE0E7EDF230668F2003BAF74 /* MyMovieWithAlamofire */ = {
			isa = PBXNativeTarget;
			buildConfigurationList = EE0E7EF2230668F6003BAF74 /* Build configuration list for PBXNativeTarget "MyMovieWithAlamofire" */;
			buildPhases = (
				17ED2CB84AE581ABBC49F726 /* [CP] Check Pods Manifest.lock */,
				EE0E7EDC230668F2003BAF74 /* Sources */,
				EE0E7EDD230668F2003BAF74 /* Frameworks */,
				EE0E7EDE230668F2003BAF74 /* Resources */,
				B09B65F188D9C1FF743CEA70 /* [CP] Embed Pods Frameworks */,
			);
			buildRules = (
			);
			dependencies = (
			);
			name = MyMovieWithAlamofire;
			productName = MyMovieWithAlamofire;
			productReference = EE0E7EE0230668F2003BAF74 /* MyMovieWithAlamofire.app */;
			productType = "com.apple.product-type.application";
		};
/* End PBXNativeTarget section */

/* Begin PBXProject section */
		EE0E7ED8230668F2003BAF74 /* Project object */ = {
			isa = PBXProject;
			attributes = {
				LastSwiftUpdateCheck = 1020;
				LastUpgradeCheck = 1020;
				ORGANIZATIONNAME = "ilga yulian putra";
				TargetAttributes = {
					EE0E7EDF230668F2003BAF74 = {
						CreatedOnToolsVersion = 10.2.1;
					};
				};
			};
			buildConfigurationList = EE0E7EDB230668F2003BAF74 /* Build configuration list for PBXProject "MyMovieWithAlamofire" */;
			compatibilityVersion = "Xcode 9.3";
			developmentRegion = en;
			hasScannedForEncodings = 0;
			knownRegions = (
				en,
				Base,
			);
			mainGroup = EE0E7ED7230668F2003BAF74;
			productRefGroup = EE0E7EE1230668F2003BAF74 /* Products */;
			projectDirPath = "";
			projectRoot = "";
			targets = (
				EE0E7EDF230668F2003BAF74 /* MyMovieWithAlamofire */,
			);
		};
/* End PBXProject section */

/* Begin PBXResourcesBuildPhase section */
		EE0E7EDE230668F2003BAF74 /* Resources */ = {
			isa = PBXResourcesBuildPhase;
			buildActionMask = 2147483647;
			files = (
				EE0E7EEE230668F6003BAF74 /* LaunchScreen.storyboard in Resources */,
				EE0E7EEB230668F6003BAF74 /* Assets.xcassets in Resources */,
				EE0E7EE9230668F2003BAF74 /* Main.storyboard in Resources */,
			);
			runOnlyForDeploymentPostprocessing = 0;
		};
/* End PBXResourcesBuildPhase section */

/* Begin PBXShellScriptBuildPhase section */
		17ED2CB84AE581ABBC49F726 /* [CP] Check Pods Manifest.lock */ = {
			isa = PBXShellScriptBuildPhase;
			buildActionMask = 2147483647;
			files = (
			);
			inputFileListPaths = (
			);
			inputPaths = (
				"${PODS_PODFILE_DIR_PATH}/Podfile.lock",
				"${PODS_ROOT}/Manifest.lock",
			);
			name = "[CP] Check Pods Manifest.lock";
			outputFileListPaths = (
			);
			outputPaths = (
				"$(DERIVED_FILE_DIR)/Pods-MyMovieWithAlamofire-checkManifestLockResult.txt",
			);
			runOnlyForDeploymentPostprocessing = 0;
			shellPath = /bin/sh;
			shellScript = "diff \"${PODS_PODFILE_DIR_PATH}/Podfile.lock\" \"${PODS_ROOT}/Manifest.lock\" > /dev/null\nif [ $? != 0 ] ; then\n    # print error to STDERR\n    echo \"error: The sandbox is not in sync with the Podfile.lock. Run 'pod install' or update your CocoaPods installation.\" >&2\n    exit 1\nfi\n# This output is used by Xcode 'outputs' to avoid re-running this script phase.\necho \"SUCCESS\" > \"${SCRIPT_OUTPUT_FILE_0}\"\n";
			showEnvVarsInLog = 0;
		};
		B09B65F188D9C1FF743CEA70 /* [CP] Embed Pods Frameworks */ = {
			isa = PBXShellScriptBuildPhase;
			buildActionMask = 2147483647;
			files = (
			);
			inputFileListPaths = (
			);
			inputPaths = (
				"${PODS_ROOT}/Target Support Files/Pods-MyMovieWithAlamofire/Pods-MyMovieWithAlamofire-frameworks.sh",
				"${BUILT_PRODUCTS_DIR}/Alamofire/Alamofire.framework",
				"${BUILT_PRODUCTS_DIR}/SwiftyJSON/SwiftyJSON.framework",
			);
			name = "[CP] Embed Pods Frameworks";
			outputFileListPaths = (
			);
			outputPaths = (
				"${TARGET_BUILD_DIR}/${FRAMEWORKS_FOLDER_PATH}/Alamofire.framework",
				"${TARGET_BUILD_DIR}/${FRAMEWORKS_FOLDER_PATH}/SwiftyJSON.framework",
			);
			runOnlyForDeploymentPostprocessing = 0;
			shellPath = /bin/sh;
			shellScript = "\"${PODS_ROOT}/Target Support Files/Pods-MyMovieWithAlamofire/Pods-MyMovieWithAlamofire-frameworks.sh\"\n";
			showEnvVarsInLog = 0;
		};
/* End PBXShellScriptBuildPhase section */

/* Begin PBXSourcesBuildPhase section */
		EE0E7EDC230668F2003BAF74 /* Sources */ = {
			isa = PBXSourcesBuildPhase;
			buildActionMask = 2147483647;
			files = (
				EE0E7F0B2306C073003BAF74 /* HomeProtocol.swift in Sources */,
				EE0E7F052306B98C003BAF74 /* HomePresenter.swift in Sources */,
				EE0E7EFB2306846B003BAF74 /* Base.swift in Sources */,
				EE0E7EFE23068BE2003BAF74 /* Movie API.swift in Sources */,
				EE0E7EE4230668F2003BAF74 /* AppDelegate.swift in Sources */,
				EE0E7EF9230683C1003BAF74 /* Movie.swift in Sources */,
				EED160CD230A3FC300A83936 /* Constants.swift in Sources */,
				EE0E7F032306B961003BAF74 /* HomeViewController.swift in Sources */,
				EED160D0230A44D500A83936 /* Image.swift in Sources */,
				EE0E7F132307FFDB003BAF74 /* MovieViewCell.swift in Sources */,
			);
			runOnlyForDeploymentPostprocessing = 0;
		};
/* End PBXSourcesBuildPhase section */

/* Begin PBXVariantGroup section */
		EE0E7EE7230668F2003BAF74 /* Main.storyboard */ = {
			isa = PBXVariantGroup;
			children = (
				EE0E7EE8230668F2003BAF74 /* Base */,
			);
			name = Main.storyboard;
			sourceTree = "<group>";
		};
		EE0E7EEC230668F6003BAF74 /* LaunchScreen.storyboard */ = {
			isa = PBXVariantGroup;
			children = (
				EE0E7EED230668F6003BAF74 /* Base */,
			);
			name = LaunchScreen.storyboard;
			sourceTree = "<group>";
		};
/* End PBXVariantGroup section */

/* Begin XCBuildConfiguration section */
		EE0E7EF0230668F6003BAF74 /* Debug */ = {
			isa = XCBuildConfiguration;
			buildSettings = {
				ALWAYS_SEARCH_USER_PATHS = NO;
				CLANG_ANALYZER_NONNULL = YES;
				CLANG_ANALYZER_NUMBER_OBJECT_CONVERSION = YES_AGGRESSIVE;
				CLANG_CXX_LANGUAGE_STANDARD = "gnu++14";
				CLANG_CXX_LIBRARY = "libc++";
				CLANG_ENABLE_MODULES = YES;
				CLANG_ENABLE_OBJC_ARC = YES;
				CLANG_ENABLE_OBJC_WEAK = YES;
				CLANG_WARN_BLOCK_CAPTURE_AUTORELEASING = YES;
				CLANG_WARN_BOOL_CONVERSION = YES;
				CLANG_WARN_COMMA = YES;
				CLANG_WARN_CONSTANT_CONVERSION = YES;
				CLANG_WARN_DEPRECATED_OBJC_IMPLEMENTATIONS = YES;
				CLANG_WARN_DIRECT_OBJC_ISA_USAGE = YES_ERROR;
				CLANG_WARN_DOCUMENTATION_COMMENTS = YES;
				CLANG_WARN_EMPTY_BODY = YES;
				CLANG_WARN_ENUM_CONVERSION = YES;
				CLANG_WARN_INFINITE_RECURSION = YES;
				CLANG_WARN_INT_CONVERSION = YES;
				CLANG_WARN_NON_LITERAL_NULL_CONVERSION = YES;
				CLANG_WARN_OBJC_IMPLICIT_RETAIN_SELF = YES;
				CLANG_WARN_OBJC_LITERAL_CONVERSION = YES;
				CLANG_WARN_OBJC_ROOT_CLASS = YES_ERROR;
				CLANG_WARN_RANGE_LOOP_ANALYSIS = YES;
				CLANG_WARN_STRICT_PROTOTYPES = YES;
				CLANG_WARN_SUSPICIOUS_MOVE = YES;
				CLANG_WARN_UNGUARDED_AVAILABILITY = YES_AGGRESSIVE;
				CLANG_WARN_UNREACHABLE_CODE = YES;
				CLANG_WARN__DUPLICATE_METHOD_MATCH = YES;
				CODE_SIGN_IDENTITY = "iPhone Developer";
				COPY_PHASE_STRIP = NO;
				DEBUG_INFORMATION_FORMAT = dwarf;
				ENABLE_STRICT_OBJC_MSGSEND = YES;
				ENABLE_TESTABILITY = YES;
				GCC_C_LANGUAGE_STANDARD = gnu11;
				GCC_DYNAMIC_NO_PIC = NO;
				GCC_NO_COMMON_BLOCKS = YES;
				GCC_OPTIMIZATION_LEVEL = 0;
				GCC_PREPROCESSOR_DEFINITIONS = (
					"DEBUG=1",
					"$(inherited)",
				);
				GCC_WARN_64_TO_32_BIT_CONVERSION = YES;
				GCC_WARN_ABOUT_RETURN_TYPE = YES_ERROR;
				GCC_WARN_UNDECLARED_SELECTOR = YES;
				GCC_WARN_UNINITIALIZED_AUTOS = YES_AGGRESSIVE;
				GCC_WARN_UNUSED_FUNCTION = YES;
				GCC_WARN_UNUSED_VARIABLE = YES;
				IPHONEOS_DEPLOYMENT_TARGET = 12.2;
				MTL_ENABLE_DEBUG_INFO = INCLUDE_SOURCE;
				MTL_FAST_MATH = YES;
				ONLY_ACTIVE_ARCH = YES;
				SDKROOT = iphoneos;
				SWIFT_ACTIVE_COMPILATION_CONDITIONS = DEBUG;
				SWIFT_OPTIMIZATION_LEVEL = "-Onone";
			};
			name = Debug;
		};
		EE0E7EF1230668F6003BAF74 /* Release */ = {
			isa = XCBuildConfiguration;
			buildSettings = {
				ALWAYS_SEARCH_USER_PATHS = NO;
				CLANG_ANALYZER_NONNULL = YES;
				CLANG_ANALYZER_NUMBER_OBJECT_CONVERSION = YES_AGGRESSIVE;
				CLANG_CXX_LANGUAGE_STANDARD = "gnu++14";
				CLANG_CXX_LIBRARY = "libc++";
				CLANG_ENABLE_MODULES = YES;
				CLANG_ENABLE_OBJC_ARC = YES;
				CLANG_ENABLE_OBJC_WEAK = YES;
				CLANG_WARN_BLOCK_CAPTURE_AUTORELEASING = YES;
				CLANG_WARN_BOOL_CONVERSION = YES;
				CLANG_WARN_COMMA = YES;
				CLANG_WARN_CONSTANT_CONVERSION = YES;
				CLANG_WARN_DEPRECATED_OBJC_IMPLEMENTATIONS = YES;
				CLANG_WARN_DIRECT_OBJC_ISA_USAGE = YES_ERROR;
				CLANG_WARN_DOCUMENTATION_COMMENTS = YES;
				CLANG_WARN_EMPTY_BODY = YES;
				CLANG_WARN_ENUM_CONVERSION = YES;
				CLANG_WARN_INFINITE_RECURSION = YES;
				CLANG_WARN_INT_CONVERSION = YES;
				CLANG_WARN_NON_LITERAL_NULL_CONVERSION = YES;
				CLANG_WARN_OBJC_IMPLICIT_RETAIN_SELF = YES;
				CLANG_WARN_OBJC_LITERAL_CONVERSION = YES;
				CLANG_WARN_OBJC_ROOT_CLASS = YES_ERROR;
				CLANG_WARN_RANGE_LOOP_ANALYSIS = YES;
				CLANG_WARN_STRICT_PROTOTYPES = YES;
				CLANG_WARN_SUSPICIOUS_MOVE = YES;
				CLANG_WARN_UNGUARDED_AVAILABILITY = YES_AGGRESSIVE;
				CLANG_WARN_UNREACHABLE_CODE = YES;
				CLANG_WARN__DUPLICATE_METHOD_MATCH = YES;
				CODE_SIGN_IDENTITY = "iPhone Developer";
				COPY_PHASE_STRIP = NO;
				DEBUG_INFORMATION_FORMAT = "dwarf-with-dsym";
				ENABLE_NS_ASSERTIONS = NO;
				ENABLE_STRICT_OBJC_MSGSEND = YES;
				GCC_C_LANGUAGE_STANDARD = gnu11;
				GCC_NO_COMMON_BLOCKS = YES;
				GCC_WARN_64_TO_32_BIT_CONVERSION = YES;
				GCC_WARN_ABOUT_RETURN_TYPE = YES_ERROR;
				GCC_WARN_UNDECLARED_SELECTOR = YES;
				GCC_WARN_UNINITIALIZED_AUTOS = YES_AGGRESSIVE;
				GCC_WARN_UNUSED_FUNCTION = YES;
				GCC_WARN_UNUSED_VARIABLE = YES;
				IPHONEOS_DEPLOYMENT_TARGET = 12.2;
				MTL_ENABLE_DEBUG_INFO = NO;
				MTL_FAST_MATH = YES;
				SDKROOT = iphoneos;
				SWIFT_COMPILATION_MODE = wholemodule;
				SWIFT_OPTIMIZATION_LEVEL = "-O";
				VALIDATE_PRODUCT = YES;
			};
			name = Release;
		};
		EE0E7EF3230668F6003BAF74 /* Debug */ = {
			isa = XCBuildConfiguration;
			baseConfigurationReference = C950143FD44E9DF787562D4B /* Pods-MyMovieWithAlamofire.debug.xcconfig */;
			buildSettings = {
				ASSETCATALOG_COMPILER_APPICON_NAME = AppIcon;
				CODE_SIGN_STYLE = Automatic;
				DEVELOPMENT_TEAM = 3QD684HZ3Y;
				INFOPLIST_FILE = MyMovieWithAlamofire/Info.plist;
				LD_RUNPATH_SEARCH_PATHS = (
					"$(inherited)",
					"@executable_path/Frameworks",
				);
				PRODUCT_BUNDLE_IDENTIFIER = com.gyosanila.MyMovieWithAlamofire;
				PRODUCT_NAME = "$(TARGET_NAME)";
				SWIFT_VERSION = 5.0;
				TARGETED_DEVICE_FAMILY = "1,2";
			};
			name = Debug;
		};
		EE0E7EF4230668F6003BAF74 /* Release */ = {
			isa = XCBuildConfiguration;
			baseConfigurationReference = 696424E39EDE67F45BE91E09 /* Pods-MyMovieWithAlamofire.release.xcconfig */;
			buildSettings = {
				ASSETCATALOG_COMPILER_APPICON_NAME = AppIcon;
				CODE_SIGN_STYLE = Automatic;
				DEVELOPMENT_TEAM = 3QD684HZ3Y;
				INFOPLIST_FILE = MyMovieWithAlamofire/Info.plist;
				LD_RUNPATH_SEARCH_PATHS = (
					"$(inherited)",
					"@executable_path/Frameworks",
				);
				PRODUCT_BUNDLE_IDENTIFIER = com.gyosanila.MyMovieWithAlamofire;
				PRODUCT_NAME = "$(TARGET_NAME)";
				SWIFT_VERSION = 5.0;
				TARGETED_DEVICE_FAMILY = "1,2";
			};
			name = Release;
		};
/* End XCBuildConfiguration section */

/* Begin XCConfigurationList section */
		EE0E7EDB230668F2003BAF74 /* Build configuration list for PBXProject "MyMovieWithAlamofire" */ = {
			isa = XCConfigurationList;
			buildConfigurations = (
				EE0E7EF0230668F6003BAF74 /* Debug */,
				EE0E7EF1230668F6003BAF74 /* Release */,
			);
			defaultConfigurationIsVisible = 0;
			defaultConfigurationName = Release;
		};
		EE0E7EF2230668F6003BAF74 /* Build configuration list for PBXNativeTarget "MyMovieWithAlamofire" */ = {
			isa = XCConfigurationList;
			buildConfigurations = (
				EE0E7EF3230668F6003BAF74 /* Debug */,
				EE0E7EF4230668F6003BAF74 /* Release */,
			);
			defaultConfigurationIsVisible = 0;
			defaultConfigurationName = Release;
		};
/* End XCConfigurationList section */
	};
	rootObject = EE0E7ED8230668F2003BAF74 /* Project object */;
}
